
Microsoft Visual Studio Solution File, Format Version 12.00
# Visual Studio 15
Project("{FAE04EC0-301F-11D3-BF4B-00C04F79EFBC}") = "Unity.Timeline", "Unity.Timeline.csproj", "{825D8205-40B7-6062-8C40-ADECE8BA25B5}"
EndProject
Project("{FAE04EC0-301F-11D3-BF4B-00C04F79EFBC}") = "Unity.PlasticSCM.Editor", "Unity.PlasticSCM.Editor.csproj", "{575561BE-6926-B8A7-1953-86E678866581}"
EndProject
Project("{FAE04EC0-301F-11D3-BF4B-00C04F79EFBC}") = "Unity.ProBuilder", "Unity.ProBuilder.csproj", "{2BAB9BAA-80C6-5E74-6C49-F8B2B795FA2F}"
EndProject
Project("{FAE04EC0-301F-11D3-BF4B-00C04F79EFBC}") = "Unity.Mathematics", "Unity.Mathematics.csproj", "{64B1B2FF-0AE0-FB1B-0EB8-8D2AB4334179}"
EndProject
Project("{FAE04EC0-301F-11D3-BF4B-00C04F79EFBC}") = "Unity.Timeline.Editor", "Unity.Timeline.Editor.csproj", "{1FF22A23-02D6-34F7-FE2F-9A66A894198B}"
EndProject
Project("{FAE04EC0-301F-11D3-BF4B-00C04F79EFBC}") = "Unity.Collections", "Unity.Collections.csproj", "{6B58D89A-BEF6-BA58-7B77-BB585F9DB714}"
EndProject
Project("{FAE04EC0-301F-11D3-BF4B-00C04F79EFBC}") = "Unity.ProBuilder.Poly2Tri", "Unity.ProBuilder.Poly2Tri.csproj", "{539F6307-AE5D-89D8-D0BB-7D21D888E406}"
EndProject
Project("{FAE04EC0-301F-11D3-BF4B-00C04F79EFBC}") = "Unity.VisualScripting.Core.Editor", "Unity.VisualScripting.Core.Editor.csproj", "{3C8F9E42-141D-139C-DAB1-CC6B3FB23CB5}"
EndProject
Project("{FAE04EC0-301F-11D3-BF4B-00C04F79EFBC}") = "Unity.PerformanceTesting.Editor", "Unity.PerformanceTesting.Editor.csproj", "{14CBC9AB-F4F2-70F6-9583-40AB0B1BFEF1}"
EndProject
Project("{FAE04EC0-301F-11D3-BF4B-00C04F79EFBC}") = "Unity.Burst", "Unity.Burst.csproj", "{B1C8560A-86FE-9919-0828-6A1BE9101E13}"
EndProject
Project("{FAE04EC0-301F-11D3-BF4B-00C04F79EFBC}") = "Unity.VisualScripting.Flow.Editor", "Unity.VisualScripting.Flow.Editor.csproj", "{B5E3AAFE-6C95-BF34-B366-E764A16ACA75}"
EndProject
Project("{FAE04EC0-301F-11D3-BF4B-00C04F79EFBC}") = "Unity.ProBuilder.Csg", "Unity.ProBuilder.Csg.csproj", "{B36EE933-6C60-11A6-6F4A-8C967E9B9F22}"
EndProject
Project("{FAE04EC0-301F-11D3-BF4B-00C04F79EFBC}") = "Unity.VisualStudio.Editor", "Unity.VisualStudio.Editor.csproj", "{D5EA5742-EBDE-B9EC-A51F-EBDBB87C61BB}"
EndProject
Project("{FAE04EC0-301F-11D3-BF4B-00C04F79EFBC}") = "Unity.InputSystem", "Unity.InputSystem.csproj", "{C49D4B59-D051-82EE-ADF3-DA2007E8EF57}"
EndProject
Project("{FAE04EC0-301F-11D3-BF4B-00C04F79EFBC}") = "Unity.Searcher.Editor", "Unity.Searcher.Editor.csproj", "{3742C12B-F2A7-6831-F421-3CD9E561AF1F}"
EndProject
Project("{FAE04EC0-301F-11D3-BF4B-00C04F79EFBC}") = "Unity.ProBuilder.Editor", "Unity.ProBuilder.Editor.csproj", "{6A0109C1-16FE-6C20-C4EB-00C0E3F403CB}"
EndProject
Project("{FAE04EC0-301F-11D3-BF4B-00C04F79EFBC}") = "Unity.VisualScripting.Core", "Unity.VisualScripting.Core.csproj", "{2C1C4CCA-8487-AA18-F8ED-4C797EB1A73D}"
EndProject
Project("{FAE04EC0-301F-11D3-BF4B-00C04F79EFBC}") = "Unity.AI.Navigation.Editor.ConversionSystem", "Unity.AI.Navigation.Editor.ConversionSystem.csproj", "{E8E7E5DD-C1C9-FEDB-D672-627F63330459}"
EndProject
Project("{FAE04EC0-301F-11D3-BF4B-00C04F79EFBC}") = "Unity.VisualScripting.State.Editor", "Unity.VisualScripting.State.Editor.csproj", "{6823CE3A-B061-347A-A725-C4953130073E}"
EndProject
Project("{FAE04EC0-301F-11D3-BF4B-00C04F79EFBC}") = "Unity.Burst.CodeGen", "Unity.Burst.CodeGen.csproj", "{82349CAD-3FE8-99E6-8B28-CA95696333ED}"
EndProject
Project("{FAE04EC0-301F-11D3-BF4B-00C04F79EFBC}") = "Unity.VisualScripting.Flow", "Unity.VisualScripting.Flow.csproj", "{7663BBF5-B61C-7612-CD55-D2017E1A9FB9}"
EndProject
Project("{FAE04EC0-301F-11D3-BF4B-00C04F79EFBC}") = "Unity.PerformanceTesting", "Unity.PerformanceTesting.csproj", "{FE9831E9-09B4-699E-45E0-66ABAA693112}"
EndProject
Project("{FAE04EC0-301F-11D3-BF4B-00C04F79EFBC}") = "Unity.Burst.Editor", "Unity.Burst.Editor.csproj", "{55A4F305-300B-46A1-B6CA-10E50D922D75}"
EndProject
Project("{FAE04EC0-301F-11D3-BF4B-00C04F79EFBC}") = "Unity.Rider.Editor", "Unity.Rider.Editor.csproj", "{E656CED8-A4F6-2454-9D01-77E6123F18D5}"
EndProject
Project("{FAE04EC0-301F-11D3-BF4B-00C04F79EFBC}") = "Unity.VisualScripting.State", "Unity.VisualScripting.State.csproj", "{7DBC8FF3-6B73-BBE0-81C8-08CC4393D7C7}"
EndProject
Project("{FAE04EC0-301F-11D3-BF4B-00C04F79EFBC}") = "Unity.AI.Navigation.Updater", "Unity.AI.Navigation.Updater.csproj", "{280FFCF5-E1A6-9DD2-B647-813FD8C3FA31}"
EndProject
Project("{FAE04EC0-301F-11D3-BF4B-00C04F79EFBC}") = "Assembly-CSharp", "Assembly-CSharp.csproj", "{4E217863-EFB2-7573-7407-2853B3E65D1D}"
EndProject
Project("{FAE04EC0-301F-11D3-BF4B-00C04F79EFBC}") = "Unity.AI.Navigation.Editor", "Unity.AI.Navigation.Editor.csproj", "{632B0A96-A3ED-2ECE-C0EF-9A84F5715370}"
EndProject
Project("{FAE04EC0-301F-11D3-BF4B-00C04F79EFBC}") = "Unity.ProBuilder.KdTree", "Unity.ProBuilder.KdTree.csproj", "{78E19E0D-2769-21BA-7F6D-22299534395E}"
EndProject
Project("{FAE04EC0-301F-11D3-BF4B-00C04F79EFBC}") = "Unity.ProBuilder.AddOns.Editor", "Unity.ProBuilder.AddOns.Editor.csproj", "{B1335BEA-9EC2-0B64-4C38-46A415D9913D}"
EndProject
Project("{FAE04EC0-301F-11D3-BF4B-00C04F79EFBC}") = "Unity.InputSystem.ForUI", "Unity.InputSystem.ForUI.csproj", "{DBB99FC2-FF44-B9E8-5ECC-04CF47B0C194}"
EndProject
Project("{FAE04EC0-301F-11D3-BF4B-00C04F79EFBC}") = "Unity.AI.Navigation", "Unity.AI.Navigation.csproj", "{EAF60E37-BA92-BB11-99CA-3A70C88B54FC}"
EndProject
Project("{FAE04EC0-301F-11D3-BF4B-00C04F79EFBC}") = "Unity.Collections.CodeGen", "Unity.Collections.CodeGen.csproj", "{EF0410BA-7EA4-B339-D186-34B85765E880}"
EndProject
Project("{FAE04EC0-301F-11D3-BF4B-00C04F79EFBC}") = "Unity.Mathematics.Editor", "Unity.Mathematics.Editor.csproj", "{D4CE8E6C-7545-75BE-A670-E7F7BF9788FC}"
EndProject
Project("{FAE04EC0-301F-11D3-BF4B-00C04F79EFBC}") = "Unity.VisualScripting.SettingsProvider.Editor", "Unity.VisualScripting.SettingsProvider.Editor.csproj", "{B703504D-5B72-C51C-696B-BC2DB8438B41}"
EndProject
Project("{FAE04EC0-301F-11D3-BF4B-00C04F79EFBC}") = "Assembly-CSharp-Editor", "Assembly-CSharp-Editor.csproj", "{94652C82-2A97-DA29-7347-811FA504F7AE}"
EndProject
Project("{FAE04EC0-301F-11D3-BF4B-00C04F79EFBC}") = "Unity.ProBuilder.AssetIdRemapUtility", "Unity.ProBuilder.AssetIdRemapUtility.csproj", "{C35C41D6-C200-BE67-21A6-3289C72F3E62}"
EndProject
Project("{FAE04EC0-301F-11D3-BF4B-00C04F79EFBC}") = "Unity.Settings.Editor", "Unity.Settings.Editor.csproj", "{D68BE459-E9A2-4159-F2DC-41E40A74A2C0}"
EndProject
Project("{FAE04EC0-301F-11D3-BF4B-00C04F79EFBC}") = "Unity.CollabProxy.Editor", "Unity.CollabProxy.Editor.csproj", "{075CAAD8-E9AD-3716-1F1F-453386F947F8}"
EndProject
Project("{FAE04EC0-301F-11D3-BF4B-00C04F79EFBC}") = "Unity.InputSystem.TestFramework", "Unity.InputSystem.TestFramework.csproj", "{ED005EC0-4D4F-4744-8A88-824A8F4CDF2E}"
EndProject
Project("{FAE04EC0-301F-11D3-BF4B-00C04F79EFBC}") = "Unity.VisualScripting.Shared.Editor", "Unity.VisualScripting.Shared.Editor.csproj", "{BBC209D6-A20C-1FF9-2B65-7FD2A0D87C61}"
EndProject
Project("{FAE04EC0-301F-11D3-BF4B-00C04F79EFBC}") = "Unity.InputSystem.DocCodeSamples", "Unity.InputSystem.DocCodeSamples.csproj", "{4FBEA995-DA7B-38A3-7B28-502CAE970254}"
EndProject
Project("{FAE04EC0-301F-11D3-BF4B-00C04F79EFBC}") = "Unity.ProBuilder.Stl", "Unity.ProBuilder.Stl.csproj", "{001D5EA1-7D37-6ECE-0A15-FCD9C7658418}"
EndProject
Project("{FAE04EC0-301F-11D3-BF4B-00C04F79EFBC}") = "Unity.VisualScripting.DocCodeExamples", "Unity.VisualScripting.DocCodeExamples.csproj", "{78F9B560-46EF-E9CD-412E-CD099BA02A45}"
EndProject
Project("{FAE04EC0-301F-11D3-BF4B-00C04F79EFBC}") = "Unity.PlasticSCM.Editor.Entities", "Unity.PlasticSCM.Editor.Entities.csproj", "{C6C83B6D-DC63-1021-73C1-AF468FBFEE28}"
EndProject
Project("{FAE04EC0-301F-11D3-BF4B-00C04F79EFBC}") = "Unity.Collections.Editor", "Unity.Collections.Editor.csproj", "{5AA12D08-A834-8C89-31EA-E89EBACE44F2}"
EndProject
Global
	GlobalSection(SolutionConfigurationPlatforms) = preSolution
		Debug|Any CPU = Debug|Any CPU
		Release|Any CPU = Release|Any CPU
	EndGlobalSection
	GlobalSection(ProjectConfigurationPlatforms) = postSolution
		{825D8205-40B7-6062-8C40-ADECE8BA25B5}.Debug|Any CPU.ActiveCfg = Debug|Any CPU
		{825D8205-40B7-6062-8C40-ADECE8BA25B5}.Debug|Any CPU.Build.0 = Debug|Any CPU
		{825D8205-40B7-6062-8C40-ADECE8BA25B5}.Release|Any CPU.ActiveCfg = Release|Any CPU
		{825D8205-40B7-6062-8C40-ADECE8BA25B5}.Release|Any CPU.Build.0 = Release|Any CPU
		{575561BE-6926-B8A7-1953-86E678866581}.Debug|Any CPU.ActiveCfg = Debug|Any CPU
		{575561BE-6926-B8A7-1953-86E678866581}.Debug|Any CPU.Build.0 = Debug|Any CPU
		{575561BE-6926-B8A7-1953-86E678866581}.Release|Any CPU.ActiveCfg = Release|Any CPU
		{575561BE-6926-B8A7-1953-86E678866581}.Release|Any CPU.Build.0 = Release|Any CPU
		{2BAB9BAA-80C6-5E74-6C49-F8B2B795FA2F}.Debug|Any CPU.ActiveCfg = Debug|Any CPU
		{2BAB9BAA-80C6-5E74-6C49-F8B2B795FA2F}.Debug|Any CPU.Build.0 = Debug|Any CPU
		{2BAB9BAA-80C6-5E74-6C49-F8B2B795FA2F}.Release|Any CPU.ActiveCfg = Release|Any CPU
		{2BAB9BAA-80C6-5E74-6C49-F8B2B795FA2F}.Release|Any CPU.Build.0 = Release|Any CPU
		{64B1B2FF-0AE0-FB1B-0EB8-8D2AB4334179}.Debug|Any CPU.ActiveCfg = Debug|Any CPU
		{64B1B2FF-0AE0-FB1B-0EB8-8D2AB4334179}.Debug|Any CPU.Build.0 = Debug|Any CPU
		{64B1B2FF-0AE0-FB1B-0EB8-8D2AB4334179}.Release|Any CPU.ActiveCfg = Release|Any CPU
		{64B1B2FF-0AE0-FB1B-0EB8-8D2AB4334179}.Release|Any CPU.Build.0 = Release|Any CPU
		{1FF22A23-02D6-34F7-FE2F-9A66A894198B}.Debug|Any CPU.ActiveCfg = Debug|Any CPU
		{1FF22A23-02D6-34F7-FE2F-9A66A894198B}.Debug|Any CPU.Build.0 = Debug|Any CPU
		{1FF22A23-02D6-34F7-FE2F-9A66A894198B}.Release|Any CPU.ActiveCfg = Release|Any CPU
		{1FF22A23-02D6-34F7-FE2F-9A66A894198B}.Release|Any CPU.Build.0 = Release|Any CPU
		{6B58D89A-BEF6-BA58-7B77-BB585F9DB714}.Debug|Any CPU.ActiveCfg = Debug|Any CPU
		{6B58D89A-BEF6-BA58-7B77-BB585F9DB714}.Debug|Any CPU.Build.0 = Debug|Any CPU
		{6B58D89A-BEF6-BA58-7B77-BB585F9DB714}.Release|Any CPU.ActiveCfg = Release|Any CPU
		{6B58D89A-BEF6-BA58-7B77-BB585F9DB714}.Release|Any CPU.Build.0 = Release|Any CPU
		{539F6307-AE5D-89D8-D0BB-7D21D888E406}.Debug|Any CPU.ActiveCfg = Debug|Any CPU
		{539F6307-AE5D-89D8-D0BB-7D21D888E406}.Debug|Any CPU.Build.0 = Debug|Any CPU
		{539F6307-AE5D-89D8-D0BB-7D21D888E406}.Release|Any CPU.ActiveCfg = Release|Any CPU
		{539F6307-AE5D-89D8-D0BB-7D21D888E406}.Release|Any CPU.Build.0 = Release|Any CPU
		{3C8F9E42-141D-139C-DAB1-CC6B3FB23CB5}.Debug|Any CPU.ActiveCfg = Debug|Any CPU
		{3C8F9E42-141D-139C-DAB1-CC6B3FB23CB5}.Debug|Any CPU.Build.0 = Debug|Any CPU
		{3C8F9E42-141D-139C-DAB1-CC6B3FB23CB5}.Release|Any CPU.ActiveCfg = Release|Any CPU
		{3C8F9E42-141D-139C-DAB1-CC6B3FB23CB5}.Release|Any CPU.Build.0 = Release|Any CPU
		{14CBC9AB-F4F2-70F6-9583-40AB0B1BFEF1}.Debug|Any CPU.ActiveCfg = Debug|Any CPU
		{14CBC9AB-F4F2-70F6-9583-40AB0B1BFEF1}.Debug|Any CPU.Build.0 = Debug|Any CPU
		{14CBC9AB-F4F2-70F6-9583-40AB0B1BFEF1}.Release|Any CPU.ActiveCfg = Release|Any CPU
		{14CBC9AB-F4F2-70F6-9583-40AB0B1BFEF1}.Release|Any CPU.Build.0 = Release|Any CPU
		{B1C8560A-86FE-9919-0828-6A1BE9101E13}.Debug|Any CPU.ActiveCfg = Debug|Any CPU
		{B1C8560A-86FE-9919-0828-6A1BE9101E13}.Debug|Any CPU.Build.0 = Debug|Any CPU
		{B1C8560A-86FE-9919-0828-6A1BE9101E13}.Release|Any CPU.ActiveCfg = Release|Any CPU
		{B1C8560A-86FE-9919-0828-6A1BE9101E13}.Release|Any CPU.Build.0 = Release|Any CPU
		{B5E3AAFE-6C95-BF34-B366-E764A16ACA75}.Debug|Any CPU.ActiveCfg = Debug|Any CPU
		{B5E3AAFE-6C95-BF34-B366-E764A16ACA75}.Debug|Any CPU.Build.0 = Debug|Any CPU
		{B5E3AAFE-6C95-BF34-B366-E764A16ACA75}.Release|Any CPU.ActiveCfg = Release|Any CPU
		{B5E3AAFE-6C95-BF34-B366-E764A16ACA75}.Release|Any CPU.Build.0 = Release|Any CPU
		{B36EE933-6C60-11A6-6F4A-8C967E9B9F22}.Debug|Any CPU.ActiveCfg = Debug|Any CPU
		{B36EE933-6C60-11A6-6F4A-8C967E9B9F22}.Debug|Any CPU.Build.0 = Debug|Any CPU
		{B36EE933-6C60-11A6-6F4A-8C967E9B9F22}.Release|Any CPU.ActiveCfg = Release|Any CPU
		{B36EE933-6C60-11A6-6F4A-8C967E9B9F22}.Release|Any CPU.Build.0 = Release|Any CPU
		{D5EA5742-EBDE-B9EC-A51F-EBDBB87C61BB}.Debug|Any CPU.ActiveCfg = Debug|Any CPU
		{D5EA5742-EBDE-B9EC-A51F-EBDBB87C61BB}.Debug|Any CPU.Build.0 = Debug|Any CPU
		{D5EA5742-EBDE-B9EC-A51F-EBDBB87C61BB}.Release|Any CPU.ActiveCfg = Release|Any CPU
		{D5EA5742-EBDE-B9EC-A51F-EBDBB87C61BB}.Release|Any CPU.Build.0 = Release|Any CPU
		{C49D4B59-D051-82EE-ADF3-DA2007E8EF57}.Debug|Any CPU.ActiveCfg = Debug|Any CPU
		{C49D4B59-D051-82EE-ADF3-DA2007E8EF57}.Debug|Any CPU.Build.0 = Debug|Any CPU
		{C49D4B59-D051-82EE-ADF3-DA2007E8EF57}.Release|Any CPU.ActiveCfg = Release|Any CPU
		{C49D4B59-D051-82EE-ADF3-DA2007E8EF57}.Release|Any CPU.Build.0 = Release|Any CPU
		{3742C12B-F2A7-6831-F421-3CD9E561AF1F}.Debug|Any CPU.ActiveCfg = Debug|Any CPU
		{3742C12B-F2A7-6831-F421-3CD9E561AF1F}.Debug|Any CPU.Build.0 = Debug|Any CPU
		{3742C12B-F2A7-6831-F421-3CD9E561AF1F}.Release|Any CPU.ActiveCfg = Release|Any CPU
		{3742C12B-F2A7-6831-F421-3CD9E561AF1F}.Release|Any CPU.Build.0 = Release|Any CPU
		{6A0109C1-16FE-6C20-C4EB-00C0E3F403CB}.Debug|Any CPU.ActiveCfg = Debug|Any CPU
		{6A0109C1-16FE-6C20-C4EB-00C0E3F403CB}.Debug|Any CPU.Build.0 = Debug|Any CPU
		{6A0109C1-16FE-6C20-C4EB-00C0E3F403CB}.Release|Any CPU.ActiveCfg = Release|Any CPU
		{6A0109C1-16FE-6C20-C4EB-00C0E3F403CB}.Release|Any CPU.Build.0 = Release|Any CPU
		{2C1C4CCA-8487-AA18-F8ED-4C797EB1A73D}.Debug|Any CPU.ActiveCfg = Debug|Any CPU
		{2C1C4CCA-8487-AA18-F8ED-4C797EB1A73D}.Debug|Any CPU.Build.0 = Debug|Any CPU
		{2C1C4CCA-8487-AA18-F8ED-4C797EB1A73D}.Release|Any CPU.ActiveCfg = Release|Any CPU
		{2C1C4CCA-8487-AA18-F8ED-4C797EB1A73D}.Release|Any CPU.Build.0 = Release|Any CPU
		{E8E7E5DD-C1C9-FEDB-D672-627F63330459}.Debug|Any CPU.ActiveCfg = Debug|Any CPU
		{E8E7E5DD-C1C9-FEDB-D672-627F63330459}.Debug|Any CPU.Build.0 = Debug|Any CPU
		{E8E7E5DD-C1C9-FEDB-D672-627F63330459}.Release|Any CPU.ActiveCfg = Release|Any CPU
		{E8E7E5DD-C1C9-FEDB-D672-627F63330459}.Release|Any CPU.Build.0 = Release|Any CPU
		{6823CE3A-B061-347A-A725-C4953130073E}.Debug|Any CPU.ActiveCfg = Debug|Any CPU
		{6823CE3A-B061-347A-A725-C4953130073E}.Debug|Any CPU.Build.0 = Debug|Any CPU
		{6823CE3A-B061-347A-A725-C4953130073E}.Release|Any CPU.ActiveCfg = Release|Any CPU
		{6823CE3A-B061-347A-A725-C4953130073E}.Release|Any CPU.Build.0 = Release|Any CPU
		{82349CAD-3FE8-99E6-8B28-CA95696333ED}.Debug|Any CPU.ActiveCfg = Debug|Any CPU
		{82349CAD-3FE8-99E6-8B28-CA95696333ED}.Debug|Any CPU.Build.0 = Debug|Any CPU
		{82349CAD-3FE8-99E6-8B28-CA95696333ED}.Release|Any CPU.ActiveCfg = Release|Any CPU
		{82349CAD-3FE8-99E6-8B28-CA95696333ED}.Release|Any CPU.Build.0 = Release|Any CPU
		{7663BBF5-B61C-7612-CD55-D2017E1A9FB9}.Debug|Any CPU.ActiveCfg = Debug|Any CPU
		{7663BBF5-B61C-7612-CD55-D2017E1A9FB9}.Debug|Any CPU.Build.0 = Debug|Any CPU
		{7663BBF5-B61C-7612-CD55-D2017E1A9FB9}.Release|Any CPU.ActiveCfg = Release|Any CPU
		{7663BBF5-B61C-7612-CD55-D2017E1A9FB9}.Release|Any CPU.Build.0 = Release|Any CPU
		{FE9831E9-09B4-699E-45E0-66ABAA693112}.Debug|Any CPU.ActiveCfg = Debug|Any CPU
		{FE9831E9-09B4-699E-45E0-66ABAA693112}.Debug|Any CPU.Build.0 = Debug|Any CPU
		{FE9831E9-09B4-699E-45E0-66ABAA693112}.Release|Any CPU.ActiveCfg = Release|Any CPU
		{FE9831E9-09B4-699E-45E0-66ABAA693112}.Release|Any CPU.Build.0 = Release|Any CPU
		{55A4F305-300B-46A1-B6CA-10E50D922D75}.Debug|Any CPU.ActiveCfg = Debug|Any CPU
		{55A4F305-300B-46A1-B6CA-10E50D922D75}.Debug|Any CPU.Build.0 = Debug|Any CPU
		{55A4F305-300B-46A1-B6CA-10E50D922D75}.Release|Any CPU.ActiveCfg = Release|Any CPU
		{55A4F305-300B-46A1-B6CA-10E50D922D75}.Release|Any CPU.Build.0 = Release|Any CPU
		{E656CED8-A4F6-2454-9D01-77E6123F18D5}.Debug|Any CPU.ActiveCfg = Debug|Any CPU
		{E656CED8-A4F6-2454-9D01-77E6123F18D5}.Debug|Any CPU.Build.0 = Debug|Any CPU
		{E656CED8-A4F6-2454-9D01-77E6123F18D5}.Release|Any CPU.ActiveCfg = Release|Any CPU
		{E656CED8-A4F6-2454-9D01-77E6123F18D5}.Release|Any CPU.Build.0 = Release|Any CPU
		{7DBC8FF3-6B73-BBE0-81C8-08CC4393D7C7}.Debug|Any CPU.ActiveCfg = Debug|Any CPU
		{7DBC8FF3-6B73-BBE0-81C8-08CC4393D7C7}.Debug|Any CPU.Build.0 = Debug|Any CPU
		{7DBC8FF3-6B73-BBE0-81C8-08CC4393D7C7}.Release|Any CPU.ActiveCfg = Release|Any CPU
		{7DBC8FF3-6B73-BBE0-81C8-08CC4393D7C7}.Release|Any CPU.Build.0 = Release|Any CPU
		{280FFCF5-E1A6-9DD2-B647-813FD8C3FA31}.Debug|Any CPU.ActiveCfg = Debug|Any CPU
		{280FFCF5-E1A6-9DD2-B647-813FD8C3FA31}.Debug|Any CPU.Build.0 = Debug|Any CPU
		{280FFCF5-E1A6-9DD2-B647-813FD8C3FA31}.Release|Any CPU.ActiveCfg = Release|Any CPU
		{280FFCF5-E1A6-9DD2-B647-813FD8C3FA31}.Release|Any CPU.Build.0 = Release|Any CPU
		{4E217863-EFB2-7573-7407-2853B3E65D1D}.Debug|Any CPU.ActiveCfg = Debug|Any CPU
		{4E217863-EFB2-7573-7407-2853B3E65D1D}.Debug|Any CPU.Build.0 = Debug|Any CPU
		{4E217863-EFB2-7573-7407-2853B3E65D1D}.Release|Any CPU.ActiveCfg = Release|Any CPU
		{4E217863-EFB2-7573-7407-2853B3E65D1D}.Release|Any CPU.Build.0 = Release|Any CPU
		{632B0A96-A3ED-2ECE-C0EF-9A84F5715370}.Debug|Any CPU.ActiveCfg = Debug|Any CPU
		{632B0A96-A3ED-2ECE-C0EF-9A84F5715370}.Debug|Any CPU.Build.0 = Debug|Any CPU
		{632B0A96-A3ED-2ECE-C0EF-9A84F5715370}.Release|Any CPU.ActiveCfg = Release|Any CPU
		{632B0A96-A3ED-2ECE-C0EF-9A84F5715370}.Release|Any CPU.Build.0 = Release|Any CPU
		{78E19E0D-2769-21BA-7F6D-22299534395E}.Debug|Any CPU.ActiveCfg = Debug|Any CPU
		{78E19E0D-2769-21BA-7F6D-22299534395E}.Debug|Any CPU.Build.0 = Debug|Any CPU
		{78E19E0D-2769-21BA-7F6D-22299534395E}.Release|Any CPU.ActiveCfg = Release|Any CPU
		{78E19E0D-2769-21BA-7F6D-22299534395E}.Release|Any CPU.Build.0 = Release|Any CPU
		{B1335BEA-9EC2-0B64-4C38-46A415D9913D}.Debug|Any CPU.ActiveCfg = Debug|Any CPU
		{B1335BEA-9EC2-0B64-4C38-46A415D9913D}.Debug|Any CPU.Build.0 = Debug|Any CPU
		{B1335BEA-9EC2-0B64-4C38-46A415D9913D}.Release|Any CPU.ActiveCfg = Release|Any CPU
		{B1335BEA-9EC2-0B64-4C38-46A415D9913D}.Release|Any CPU.Build.0 = Release|Any CPU
		{DBB99FC2-FF44-B9E8-5ECC-04CF47B0C194}.Debug|Any CPU.ActiveCfg = Debug|Any CPU
		{DBB99FC2-FF44-B9E8-5ECC-04CF47B0C194}.Debug|Any CPU.Build.0 = Debug|Any CPU
		{DBB99FC2-FF44-B9E8-5ECC-04CF47B0C194}.Release|Any CPU.ActiveCfg = Release|Any CPU
		{DBB99FC2-FF44-B9E8-5ECC-04CF47B0C194}.Release|Any CPU.Build.0 = Release|Any CPU
		{EAF60E37-BA92-BB11-99CA-3A70C88B54FC}.Debug|Any CPU.ActiveCfg = Debug|Any CPU
		{EAF60E37-BA92-BB11-99CA-3A70C88B54FC}.Debug|Any CPU.Build.0 = Debug|Any CPU
		{EAF60E37-BA92-BB11-99CA-3A70C88B54FC}.Release|Any CPU.ActiveCfg = Release|Any CPU
		{EAF60E37-BA92-BB11-99CA-3A70C88B54FC}.Release|Any CPU.Build.0 = Release|Any CPU
		{EF0410BA-7EA4-B339-D186-34B85765E880}.Debug|Any CPU.ActiveCfg = Debug|Any CPU
		{EF0410BA-7EA4-B339-D186-34B85765E880}.Debug|Any CPU.Build.0 = Debug|Any CPU
		{EF0410BA-7EA4-B339-D186-34B85765E880}.Release|Any CPU.ActiveCfg = Release|Any CPU
		{EF0410BA-7EA4-B339-D186-34B85765E880}.Release|Any CPU.Build.0 = Release|Any CPU
		{D4CE8E6C-7545-75BE-A670-E7F7BF9788FC}.Debug|Any CPU.ActiveCfg = Debug|Any CPU
		{D4CE8E6C-7545-75BE-A670-E7F7BF9788FC}.Debug|Any CPU.Build.0 = Debug|Any CPU
		{D4CE8E6C-7545-75BE-A670-E7F7BF9788FC}.Release|Any CPU.ActiveCfg = Release|Any CPU
		{D4CE8E6C-7545-75BE-A670-E7F7BF9788FC}.Release|Any CPU.Build.0 = Release|Any CPU
		{B703504D-5B72-C51C-696B-BC2DB8438B41}.Debug|Any CPU.ActiveCfg = Debug|Any CPU
		{B703504D-5B72-C51C-696B-BC2DB8438B41}.Debug|Any CPU.Build.0 = Debug|Any CPU
		{B703504D-5B72-C51C-696B-BC2DB8438B41}.Release|Any CPU.ActiveCfg = Release|Any CPU
		{B703504D-5B72-C51C-696B-BC2DB8438B41}.Release|Any CPU.Build.0 = Release|Any CPU
		{94652C82-2A97-DA29-7347-811FA504F7AE}.Debug|Any CPU.ActiveCfg = Debug|Any CPU
		{94652C82-2A97-DA29-7347-811FA504F7AE}.Debug|Any CPU.Build.0 = Debug|Any CPU
		{94652C82-2A97-DA29-7347-811FA504F7AE}.Release|Any CPU.ActiveCfg = Release|Any CPU
		{94652C82-2A97-DA29-7347-811FA504F7AE}.Release|Any CPU.Build.0 = Release|Any CPU
		{C35C41D6-C200-BE67-21A6-3289C72F3E62}.Debug|Any CPU.ActiveCfg = Debug|Any CPU
		{C35C41D6-C200-BE67-21A6-3289C72F3E62}.Debug|Any CPU.Build.0 = Debug|Any CPU
		{C35C41D6-C200-BE67-21A6-3289C72F3E62}.Release|Any CPU.ActiveCfg = Release|Any CPU
		{C35C41D6-C200-BE67-21A6-3289C72F3E62}.Release|Any CPU.Build.0 = Release|Any CPU
		{D68BE459-E9A2-4159-F2DC-41E40A74A2C0}.Debug|Any CPU.ActiveCfg = Debug|Any CPU
		{D68BE459-E9A2-4159-F2DC-41E40A74A2C0}.Debug|Any CPU.Build.0 = Debug|Any CPU
		{D68BE459-E9A2-4159-F2DC-41E40A74A2C0}.Release|Any CPU.ActiveCfg = Release|Any CPU
		{D68BE459-E9A2-4159-F2DC-41E40A74A2C0}.Release|Any CPU.Build.0 = Release|Any CPU
		{075CAAD8-E9AD-3716-1F1F-453386F947F8}.Debug|Any CPU.ActiveCfg = Debug|Any CPU
		{075CAAD8-E9AD-3716-1F1F-453386F947F8}.Debug|Any CPU.Build.0 = Debug|Any CPU
		{075CAAD8-E9AD-3716-1F1F-453386F947F8}.Release|Any CPU.ActiveCfg = Release|Any CPU
		{075CAAD8-E9AD-3716-1F1F-453386F947F8}.Release|Any CPU.Build.0 = Release|Any CPU
		{ED005EC0-4D4F-4744-8A88-824A8F4CDF2E}.Debug|Any CPU.ActiveCfg = Debug|Any CPU
		{ED005EC0-4D4F-4744-8A88-824A8F4CDF2E}.Debug|Any CPU.Build.0 = Debug|Any CPU
		{ED005EC0-4D4F-4744-8A88-824A8F4CDF2E}.Release|Any CPU.ActiveCfg = Release|Any CPU
		{ED005EC0-4D4F-4744-8A88-824A8F4CDF2E}.Release|Any CPU.Build.0 = Release|Any CPU
		{BBC209D6-A20C-1FF9-2B65-7FD2A0D87C61}.Debug|Any CPU.ActiveCfg = Debug|Any CPU
		{BBC209D6-A20C-1FF9-2B65-7FD2A0D87C61}.Debug|Any CPU.Build.0 = Debug|Any CPU
		{BBC209D6-A20C-1FF9-2B65-7FD2A0D87C61}.Release|Any CPU.ActiveCfg = Release|Any CPU
		{BBC209D6-A20C-1FF9-2B65-7FD2A0D87C61}.Release|Any CPU.Build.0 = Release|Any CPU
		{4FBEA995-DA7B-38A3-7B28-502CAE970254}.Debug|Any CPU.ActiveCfg = Debug|Any CPU
		{4FBEA995-DA7B-38A3-7B28-502CAE970254}.Debug|Any CPU.Build.0 = Debug|Any CPU
		{4FBEA995-DA7B-38A3-7B28-502CAE970254}.Release|Any CPU.ActiveCfg = Release|Any CPU
		{4FBEA995-DA7B-38A3-7B28-502CAE970254}.Release|Any CPU.Build.0 = Release|Any CPU
		{001D5EA1-7D37-6ECE-0A15-FCD9C7658418}.Debug|Any CPU.ActiveCfg = Debug|Any CPU
		{001D5EA1-7D37-6ECE-0A15-FCD9C7658418}.Debug|Any CPU.Build.0 = Debug|Any CPU
		{001D5EA1-7D37-6ECE-0A15-FCD9C7658418}.Release|Any CPU.ActiveCfg = Release|Any CPU
		{001D5EA1-7D37-6ECE-0A15-FCD9C7658418}.Release|Any CPU.Build.0 = Release|Any CPU
		{78F9B560-46EF-E9CD-412E-CD099BA02A45}.Debug|Any CPU.ActiveCfg = Debug|Any CPU
		{78F9B560-46EF-E9CD-412E-CD099BA02A45}.Debug|Any CPU.Build.0 = Debug|Any CPU
		{78F9B560-46EF-E9CD-412E-CD099BA02A45}.Release|Any CPU.ActiveCfg = Release|Any CPU
		{78F9B560-46EF-E9CD-412E-CD099BA02A45}.Release|Any CPU.Build.0 = Release|Any CPU
		{C6C83B6D-DC63-1021-73C1-AF468FBFEE28}.Debug|Any CPU.ActiveCfg = Debug|Any CPU
		{C6C83B6D-DC63-1021-73C1-AF468FBFEE28}.Debug|Any CPU.Build.0 = Debug|Any CPU
		{C6C83B6D-DC63-1021-73C1-AF468FBFEE28}.Release|Any CPU.ActiveCfg = Release|Any CPU
		{C6C83B6D-DC63-1021-73C1-AF468FBFEE28}.Release|Any CPU.Build.0 = Release|Any CPU
		{5AA12D08-A834-8C89-31EA-E89EBACE44F2}.Debug|Any CPU.ActiveCfg = Debug|Any CPU
		{5AA12D08-A834-8C89-31EA-E89EBACE44F2}.Debug|Any CPU.Build.0 = Debug|Any CPU
		{5AA12D08-A834-8C89-31EA-E89EBACE44F2}.Release|Any CPU.ActiveCfg = Release|Any CPU
		{5AA12D08-A834-8C89-31EA-E89EBACE44F2}.Release|Any CPU.Build.0 = Release|Any CPU
	EndGlobalSection
	GlobalSection(SolutionProperties) = preSolution
		HideSolutionNode = FALSE
	EndGlobalSection
EndGlobal
