
Microsoft Visual Studio Solution File, Format Version 12.00
# Visual Studio 15
Project("{FAE04EC0-301F-11D3-BF4B-00C04F79EFBC}") = "Assembly-CSharp", "Assembly-CSharp.csproj", "{4E217863-EFB2-7573-7407-2853B3E65D1D}"
EndProject
Project("{FAE04EC0-301F-11D3-BF4B-00C04F79EFBC}") = "Assembly-CSharp-Editor", "Assembly-CSharp-Editor.csproj", "{94652C82-2A97-DA29-7347-811FA504F7AE}"
EndProject
Global
	GlobalSection(SolutionConfigurationPlatforms) = preSolution
		Debug|Any CPU = Debug|Any CPU
		Release|Any CPU = Release|Any CPU
	EndGlobalSection
	GlobalSection(ProjectConfigurationPlatforms) = postSolution
		{4E217863-EFB2-7573-7407-2853B3E65D1D}.Debug|Any CPU.ActiveCfg = Debug|Any CPU
		{4E217863-EFB2-7573-7407-2853B3E65D1D}.Debug|Any CPU.Build.0 = Debug|Any CPU
		{4E217863-EFB2-7573-7407-2853B3E65D1D}.Release|Any CPU.ActiveCfg = Release|Any CPU
		{4E217863-EFB2-7573-7407-2853B3E65D1D}.Release|Any CPU.Build.0 = Release|Any CPU
		{94652C82-2A97-DA29-7347-811FA504F7AE}.Debug|Any CPU.ActiveCfg = Debug|Any CPU
		{94652C82-2A97-DA29-7347-811FA504F7AE}.Debug|Any CPU.Build.0 = Debug|Any CPU
		{94652C82-2A97-DA29-7347-811FA504F7AE}.Release|Any CPU.ActiveCfg = Release|Any CPU
		{94652C82-2A97-DA29-7347-811FA504F7AE}.Release|Any CPU.Build.0 = Release|Any CPU
	EndGlobalSection
	GlobalSection(SolutionProperties) = preSolution
		HideSolutionNode = FALSE
	EndGlobalSection
EndGlobal
